
Microsoft Visual Studio Solution File, Format Version 12.00
# Visual Studio Version 17
VisualStudioVersion = 17.8.34511.84
MinimumVisualStudioVersion = 10.0.40219.1
Project("{9A19103F-16F7-4668-BE54-9A1E7A4F7556}") = "ElectronicStoreAPI", "ElectronicStoreAPI\ElectronicStoreAPI.csproj", "{5DE296F2-0282-414E-8969-812909B66DA5}"
EndProject
Project("{FAE04EC0-301F-11D3-BF4B-00C04F79EFBC}") = "API.Service", "API.Service\API.Service.csproj", "{8DA04624-A2AB-4651-A013-25912D588DFC}"
EndProject
Project("{FAE04EC0-301F-11D3-BF4B-00C04F79EFBC}") = "API.Repository", "API.Repository\API.Repository.csproj", "{0B5EBD09-F177-4DC7-9E37-D41EA06CC8B2}"
EndProject
Project("{FAE04EC0-301F-11D3-BF4B-00C04F79EFBC}") = "API.BO", "API.BO\API.BO.csproj", "{9E76B3ED-F35F-475D-8870-E3E6CB362B50}"
EndProject
Global
	GlobalSection(SolutionConfigurationPlatforms) = preSolution
		Debug|Any CPU = Debug|Any CPU
		Release|Any CPU = Release|Any CPU
	EndGlobalSection
	GlobalSection(ProjectConfigurationPlatforms) = postSolution
		{5DE296F2-0282-414E-8969-812909B66DA5}.Debug|Any CPU.ActiveCfg = Debug|Any CPU
		{5DE296F2-0282-414E-8969-812909B66DA5}.Debug|Any CPU.Build.0 = Debug|Any CPU
		{5DE296F2-0282-414E-8969-812909B66DA5}.Release|Any CPU.ActiveCfg = Release|Any CPU
		{5DE296F2-0282-414E-8969-812909B66DA5}.Release|Any CPU.Build.0 = Release|Any CPU
		{8DA04624-A2AB-4651-A013-25912D588DFC}.Debug|Any CPU.ActiveCfg = Debug|Any CPU
		{8DA04624-A2AB-4651-A013-25912D588DFC}.Debug|Any CPU.Build.0 = Debug|Any CPU
		{8DA04624-A2AB-4651-A013-25912D588DFC}.Release|Any CPU.ActiveCfg = Release|Any CPU
		{8DA04624-A2AB-4651-A013-25912D588DFC}.Release|Any CPU.Build.0 = Release|Any CPU
		{0B5EBD09-F177-4DC7-9E37-D41EA06CC8B2}.Debug|Any CPU.ActiveCfg = Debug|Any CPU
		{0B5EBD09-F177-4DC7-9E37-D41EA06CC8B2}.Debug|Any CPU.Build.0 = Debug|Any CPU
		{0B5EBD09-F177-4DC7-9E37-D41EA06CC8B2}.Release|Any CPU.ActiveCfg = Release|Any CPU
		{0B5EBD09-F177-4DC7-9E37-D41EA06CC8B2}.Release|Any CPU.Build.0 = Release|Any CPU
		{9E76B3ED-F35F-475D-8870-E3E6CB362B50}.Debug|Any CPU.ActiveCfg = Debug|Any CPU
		{9E76B3ED-F35F-475D-8870-E3E6CB362B50}.Debug|Any CPU.Build.0 = Debug|Any CPU
		{9E76B3ED-F35F-475D-8870-E3E6CB362B50}.Release|Any CPU.ActiveCfg = Release|Any CPU
		{9E76B3ED-F35F-475D-8870-E3E6CB362B50}.Release|Any CPU.Build.0 = Release|Any CPU
	EndGlobalSection
	GlobalSection(SolutionProperties) = preSolution
		HideSolutionNode = FALSE
	EndGlobalSection
	GlobalSection(ExtensibilityGlobals) = postSolution
		SolutionGuid = {16A35690-DC19-4B79-9749-A1C0D9BF970F}
	EndGlobalSection
EndGlobal
